Microsoft Visual Studio Solution File, Format Version 12.00
# Visual Studio Version 17
VisualStudioVersion = 17.14.36301.6
MinimumVisualStudioVersion = 10.0.40219.1
Project("{FAE04EC0-301F-11D3-BF4B-00C04F79EFBC}") = "SCTV.AppHost", "monitors\SCTV.AppHost\SCTV.AppHost.csproj", "{E4ADB21F-F646-4252-B64F-F4AB26A6F249}"
EndProject
Project("{FAE04EC0-301F-11D3-BF4B-00C04F79EFBC}") = "SCTV.ServiceDefaults", "monitors\SCTV.ServiceDefaults\SCTV.ServiceDefaults.csproj", "{9001014F-7805-DB63-EC6F-964B1DFCA5D2}"
EndProject
Project("{2150E333-8FDC-42A3-9474-1A3956D46DE8}") = "monitors", "monitors", "{02EA681E-C7D8-13C7-8484-4AC65E1B71E8}"
EndProject
Project("{2150E333-8FDC-42A3-9474-1A3956D46DE8}") = "infrastructures", "infrastructures", "{DC505206-446F-4577-9177-EC918BDD12E9}"
EndProject
Project("{2150E333-8FDC-42A3-9474-1A3956D46DE8}") = "src", "src", "{DE0AFE2A-B0B8-4C72-8BC1-0E31B744B43C}"
EndProject
Project("{2150E333-8FDC-42A3-9474-1A3956D46DE8}") = "Auth", "Auth", "{33FD97A3-DFA7-4547-A991-ACC9FB922E16}"
EndProject
Project("{2150E333-8FDC-42A3-9474-1A3956D46DE8}") = "Shared", "Shared", "{3AF134B3-ECC1-4997-9D24-5558B8CEC913}"
EndProject
Project("{FAE04EC0-301F-11D3-BF4B-00C04F79EFBC}") = "Paginate", "src\Shared\Paginate\Paginate.csproj", "{C0034FB5-8A99-F38B-1E04-6F69E285751A}"
EndProject
Project("{FAE04EC0-301F-11D3-BF4B-00C04F79EFBC}") = "Mail", "src\Shared\Mail\Mail.csproj", "{4F27B880-5636-AADB-3089-802A5D3F0678}"
EndProject
Project("{FAE04EC0-301F-11D3-BF4B-00C04F79EFBC}") = "Logging", "src\Shared\Logging\Logging.csproj", "{31E8307C-320F-AD74-6CE9-68406B3B1D49}"
EndProject
Project("{FAE04EC0-301F-11D3-BF4B-00C04F79EFBC}") = "Common", "src\Shared\Common\Common.csproj", "{A0C4F154-6113-4377-87E9-148A0090A357}"
EndProject
Project("{2150E333-8FDC-42A3-9474-1A3956D46DE8}") = "Migrations", "Migrations", "{75D8D09E-209A-4D05-A396-816E984C1C50}"
EndProject
Project("{FAE04EC0-301F-11D3-BF4B-00C04F79EFBC}") = "Auth.Migrations", "src\Migrations\Auth.Migrations\Auth.Migrations.csproj", "{941F39D1-698D-42AE-AB70-D38EE6F1D06C}"
EndProject
Project("{FAE04EC0-301F-11D3-BF4B-00C04F79EFBC}") = "Auth.API", "src\Auth\Auth.API\Auth.API.csproj", "{FCBB3B94-1488-4C06-1E18-4653D0DC7484}"
EndProject
Project("{FAE04EC0-301F-11D3-BF4B-00C04F79EFBC}") = "Auth.Domain", "src\Auth\Auth.Domain\Auth.Domain.csproj", "{E1D812D4-7FD4-286D-3557-2F8D6BF36275}"
EndProject
Project("{FAE04EC0-301F-11D3-BF4B-00C04F79EFBC}") = "Auth.Infrastructure", "src\Auth\Auth.Infrastructure\Auth.Infrastructure.csproj", "{BF19A413-EEC3-78B5-90A1-704ECACE78CC}"
EndProject
Project("{FAE04EC0-301F-11D3-BF4B-00C04F79EFBC}") = "Auth.Service", "src\Auth\Auth.Service\Auth.Service.csproj", "{6B1CD3D9-6F9B-76DE-DA30-D6EF7E297F75}"
EndProject
Project("{2150E333-8FDC-42A3-9474-1A3956D46DE8}") = "Gateway", "Gateway", "{D4C1AAFC-668E-407D-AA6D-AA590B7DDB3E}"
EndProject
Project("{FAE04EC0-301F-11D3-BF4B-00C04F79EFBC}") = "ApiGateway", "src\Gateway\ApiGateway\ApiGateway.csproj", "{8518E414-104C-EAEF-A141-98DB483A0C12}"
EndProject
Project("{2150E333-8FDC-42A3-9474-1A3956D46DE8}") = "Streaming", "Streaming", "{FBA886B1-57E9-445E-9E19-A37D657A8910}"
EndProject
Project("{2150E333-8FDC-42A3-9474-1A3956D46DE8}") = "Notification", "Notification", "{074D9047-CC45-4F1B-A2F1-DE578F53F8AB}"
EndProject
Project("{FAE04EC0-301F-11D3-BF4B-00C04F79EFBC}") = "Streaming.Data", "src\Streaming\Streaming.Data\Streaming.Data.csproj", "{42B89702-6116-451D-B426-187ED961AFB6}"
EndProject
Project("{FAE04EC0-301F-11D3-BF4B-00C04F79EFBC}") = "Streaming.Domain", "src\Streaming\Streaming.Domain\Streaming.Domain.csproj", "{2B4407A4-45D0-46B7-BC08-C1FE6EEB8C34}"
EndProject
Project("{FAE04EC0-301F-11D3-BF4B-00C04F79EFBC}") = "Streaming.Infrastructure", "src\Streaming\Streaming.Infrastructure\Streaming.Infrastructure.csproj", "{50DF3A24-7DB6-4B21-AA6D-3F2BF5D1F5EA}"
EndProject
Project("{FAE04EC0-301F-11D3-BF4B-00C04F79EFBC}") = "Streaming.Service", "src\Streaming\Streaming.Service\Streaming.Service.csproj", "{1CD8DD6D-59EC-432F-BB60-B91E5BAC0067}"
EndProject
Project("{FAE04EC0-301F-11D3-BF4B-00C04F79EFBC}") = "Streaming.API", "src\Streaming\Streaming.API\Streaming.API.csproj", "{C25ECE1D-0D72-4F69-BCF4-D5A4A32E4293}"
EndProject
Project("{FAE04EC0-301F-11D3-BF4B-00C04F79EFBC}") = "Auth.Data", "src\Auth\Auth.Data\Auth.Data.csproj", "{8A43EB7D-2C00-20E7-6D6E-08D1B909170D}"
EndProject
Global
	GlobalSection(SolutionConfigurationPlatforms) = preSolution
		Debug|Any CPU = Debug|Any CPU
		Release|Any CPU = Release|Any CPU
	EndGlobalSection
	GlobalSection(ProjectConfigurationPlatforms) = postSolution
		{E4ADB21F-F646-4252-B64F-F4AB26A6F249}.Debug|Any CPU.ActiveCfg = Debug|Any CPU
		{E4ADB21F-F646-4252-B64F-F4AB26A6F249}.Debug|Any CPU.Build.0 = Debug|Any CPU
		{E4ADB21F-F646-4252-B64F-F4AB26A6F249}.Release|Any CPU.ActiveCfg = Release|Any CPU
		{E4ADB21F-F646-4252-B64F-F4AB26A6F249}.Release|Any CPU.Build.0 = Release|Any CPU
		{9001014F-7805-DB63-EC6F-964B1DFCA5D2}.Debug|Any CPU.ActiveCfg = Debug|Any CPU
		{9001014F-7805-DB63-EC6F-964B1DFCA5D2}.Debug|Any CPU.Build.0 = Debug|Any CPU
		{9001014F-7805-DB63-EC6F-964B1DFCA5D2}.Release|Any CPU.ActiveCfg = Release|Any CPU
		{9001014F-7805-DB63-EC6F-964B1DFCA5D2}.Release|Any CPU.Build.0 = Release|Any CPU
		{C0034FB5-8A99-F38B-1E04-6F69E285751A}.Debug|Any CPU.ActiveCfg = Debug|Any CPU
		{C0034FB5-8A99-F38B-1E04-6F69E285751A}.Debug|Any CPU.Build.0 = Debug|Any CPU
		{C0034FB5-8A99-F38B-1E04-6F69E285751A}.Release|Any CPU.ActiveCfg = Release|Any CPU
		{C0034FB5-8A99-F38B-1E04-6F69E285751A}.Release|Any CPU.Build.0 = Release|Any CPU
		{4F27B880-5636-AADB-3089-802A5D3F0678}.Debug|Any CPU.ActiveCfg = Debug|Any CPU
		{4F27B880-5636-AADB-3089-802A5D3F0678}.Debug|Any CPU.Build.0 = Debug|Any CPU
		{4F27B880-5636-AADB-3089-802A5D3F0678}.Release|Any CPU.ActiveCfg = Release|Any CPU
		{4F27B880-5636-AADB-3089-802A5D3F0678}.Release|Any CPU.Build.0 = Release|Any CPU
		{31E8307C-320F-AD74-6CE9-68406B3B1D49}.Debug|Any CPU.ActiveCfg = Debug|Any CPU
		{31E8307C-320F-AD74-6CE9-68406B3B1D49}.Debug|Any CPU.Build.0 = Debug|Any CPU
		{31E8307C-320F-AD74-6CE9-68406B3B1D49}.Release|Any CPU.ActiveCfg = Release|Any CPU
		{31E8307C-320F-AD74-6CE9-68406B3B1D49}.Release|Any CPU.Build.0 = Release|Any CPU
		{A0C4F154-6113-4377-87E9-148A0090A357}.Debug|Any CPU.ActiveCfg = Debug|Any CPU
		{A0C4F154-6113-4377-87E9-148A0090A357}.Debug|Any CPU.Build.0 = Debug|Any CPU
		{A0C4F154-6113-4377-87E9-148A0090A357}.Release|Any CPU.ActiveCfg = Release|Any CPU
		{A0C4F154-6113-4377-87E9-148A0090A357}.Release|Any CPU.Build.0 = Release|Any CPU
		{941F39D1-698D-42AE-AB70-D38EE6F1D06C}.Debug|Any CPU.ActiveCfg = Debug|Any CPU
		{941F39D1-698D-42AE-AB70-D38EE6F1D06C}.Debug|Any CPU.Build.0 = Debug|Any CPU
		{941F39D1-698D-42AE-AB70-D38EE6F1D06C}.Release|Any CPU.ActiveCfg = Release|Any CPU
		{941F39D1-698D-42AE-AB70-D38EE6F1D06C}.Release|Any CPU.Build.0 = Release|Any CPU
		{FCBB3B94-1488-4C06-1E18-4653D0DC7484}.Debug|Any CPU.ActiveCfg = Debug|Any CPU
		{FCBB3B94-1488-4C06-1E18-4653D0DC7484}.Debug|Any CPU.Build.0 = Debug|Any CPU
		{FCBB3B94-1488-4C06-1E18-4653D0DC7484}.Release|Any CPU.ActiveCfg = Release|Any CPU
		{FCBB3B94-1488-4C06-1E18-4653D0DC7484}.Release|Any CPU.Build.0 = Release|Any CPU
		{E1D812D4-7FD4-286D-3557-2F8D6BF36275}.Debug|Any CPU.ActiveCfg = Debug|Any CPU
		{E1D812D4-7FD4-286D-3557-2F8D6BF36275}.Debug|Any CPU.Build.0 = Debug|Any CPU
		{E1D812D4-7FD4-286D-3557-2F8D6BF36275}.Release|Any CPU.ActiveCfg = Release|Any CPU
		{E1D812D4-7FD4-286D-3557-2F8D6BF36275}.Release|Any CPU.Build.0 = Release|Any CPU
		{BF19A413-EEC3-78B5-90A1-704ECACE78CC}.Debug|Any CPU.ActiveCfg = Debug|Any CPU
		{BF19A413-EEC3-78B5-90A1-704ECACE78CC}.Debug|Any CPU.Build.0 = Debug|Any CPU
		{BF19A413-EEC3-78B5-90A1-704ECACE78CC}.Release|Any CPU.ActiveCfg = Release|Any CPU
		{BF19A413-EEC3-78B5-90A1-704ECACE78CC}.Release|Any CPU.Build.0 = Release|Any CPU
		{6B1CD3D9-6F9B-76DE-DA30-D6EF7E297F75}.Debug|Any CPU.ActiveCfg = Debug|Any CPU
		{6B1CD3D9-6F9B-76DE-DA30-D6EF7E297F75}.Debug|Any CPU.Build.0 = Debug|Any CPU
		{6B1CD3D9-6F9B-76DE-DA30-D6EF7E297F75}.Release|Any CPU.ActiveCfg = Release|Any CPU
		{6B1CD3D9-6F9B-76DE-DA30-D6EF7E297F75}.Release|Any CPU.Build.0 = Release|Any CPU
		{8518E414-104C-EAEF-A141-98DB483A0C12}.Debug|Any CPU.ActiveCfg = Debug|Any CPU
		{8518E414-104C-EAEF-A141-98DB483A0C12}.Debug|Any CPU.Build.0 = Debug|Any CPU
		{8518E414-104C-EAEF-A141-98DB483A0C12}.Release|Any CPU.ActiveCfg = Release|Any CPU
		{8518E414-104C-EAEF-A141-98DB483A0C12}.Release|Any CPU.Build.0 = Release|Any CPU
		{42B89702-6116-451D-B426-187ED961AFB6}.Debug|Any CPU.ActiveCfg = Debug|Any CPU
		{42B89702-6116-451D-B426-187ED961AFB6}.Debug|Any CPU.Build.0 = Debug|Any CPU
		{42B89702-6116-451D-B426-187ED961AFB6}.Release|Any CPU.ActiveCfg = Release|Any CPU
		{42B89702-6116-451D-B426-187ED961AFB6}.Release|Any CPU.Build.0 = Release|Any CPU
		{2B4407A4-45D0-46B7-BC08-C1FE6EEB8C34}.Debug|Any CPU.ActiveCfg = Debug|Any CPU
		{2B4407A4-45D0-46B7-BC08-C1FE6EEB8C34}.Debug|Any CPU.Build.0 = Debug|Any CPU
		{2B4407A4-45D0-46B7-BC08-C1FE6EEB8C34}.Release|Any CPU.ActiveCfg = Release|Any CPU
		{2B4407A4-45D0-46B7-BC08-C1FE6EEB8C34}.Release|Any CPU.Build.0 = Release|Any CPU
		{50DF3A24-7DB6-4B21-AA6D-3F2BF5D1F5EA}.Debug|Any CPU.ActiveCfg = Debug|Any CPU
		{50DF3A24-7DB6-4B21-AA6D-3F2BF5D1F5EA}.Debug|Any CPU.Build.0 = Debug|Any CPU
		{50DF3A24-7DB6-4B21-AA6D-3F2BF5D1F5EA}.Release|Any CPU.ActiveCfg = Release|Any CPU
		{50DF3A24-7DB6-4B21-AA6D-3F2BF5D1F5EA}.Release|Any CPU.Build.0 = Release|Any CPU
		{1CD8DD6D-59EC-432F-BB60-B91E5BAC0067}.Debug|Any CPU.ActiveCfg = Debug|Any CPU
		{1CD8DD6D-59EC-432F-BB60-B91E5BAC0067}.Debug|Any CPU.Build.0 = Debug|Any CPU
		{1CD8DD6D-59EC-432F-BB60-B91E5BAC0067}.Release|Any CPU.ActiveCfg = Release|Any CPU
		{1CD8DD6D-59EC-432F-BB60-B91E5BAC0067}.Release|Any CPU.Build.0 = Release|Any CPU
		{C25ECE1D-0D72-4F69-BCF4-D5A4A32E4293}.Debug|Any CPU.ActiveCfg = Debug|Any CPU
		{C25ECE1D-0D72-4F69-BCF4-D5A4A32E4293}.Debug|Any CPU.Build.0 = Debug|Any CPU
		{C25ECE1D-0D72-4F69-BCF4-D5A4A32E4293}.Release|Any CPU.ActiveCfg = Release|Any CPU
		{C25ECE1D-0D72-4F69-BCF4-D5A4A32E4293}.Release|Any CPU.Build.0 = Release|Any CPU
		{8A43EB7D-2C00-20E7-6D6E-08D1B909170D}.Debug|Any CPU.ActiveCfg = Debug|Any CPU
		{8A43EB7D-2C00-20E7-6D6E-08D1B909170D}.Debug|Any CPU.Build.0 = Debug|Any CPU
		{8A43EB7D-2C00-20E7-6D6E-08D1B909170D}.Release|Any CPU.ActiveCfg = Release|Any CPU
		{8A43EB7D-2C00-20E7-6D6E-08D1B909170D}.Release|Any CPU.Build.0 = Release|Any CPU
	EndGlobalSection
	GlobalSection(SolutionProperties) = preSolution
		HideSolutionNode = FALSE
	EndGlobalSection
	GlobalSection(NestedProjects) = preSolution
		{E4ADB21F-F646-4252-B64F-F4AB26A6F249} = {02EA681E-C7D8-13C7-8484-4AC65E1B71E8}
		{9001014F-7805-DB63-EC6F-964B1DFCA5D2} = {02EA681E-C7D8-13C7-8484-4AC65E1B71E8}
		{33FD97A3-DFA7-4547-A991-ACC9FB922E16} = {DE0AFE2A-B0B8-4C72-8BC1-0E31B744B43C}
		{3AF134B3-ECC1-4997-9D24-5558B8CEC913} = {DE0AFE2A-B0B8-4C72-8BC1-0E31B744B43C}
		{C0034FB5-8A99-F38B-1E04-6F69E285751A} = {3AF134B3-ECC1-4997-9D24-5558B8CEC913}
		{4F27B880-5636-AADB-3089-802A5D3F0678} = {3AF134B3-ECC1-4997-9D24-5558B8CEC913}
		{31E8307C-320F-AD74-6CE9-68406B3B1D49} = {3AF134B3-ECC1-4997-9D24-5558B8CEC913}
		{A0C4F154-6113-4377-87E9-148A0090A357} = {3AF134B3-ECC1-4997-9D24-5558B8CEC913}
		{75D8D09E-209A-4D05-A396-816E984C1C50} = {DE0AFE2A-B0B8-4C72-8BC1-0E31B744B43C}
		{941F39D1-698D-42AE-AB70-D38EE6F1D06C} = {75D8D09E-209A-4D05-A396-816E984C1C50}
		{FCBB3B94-1488-4C06-1E18-4653D0DC7484} = {33FD97A3-DFA7-4547-A991-ACC9FB922E16}
		{E1D812D4-7FD4-286D-3557-2F8D6BF36275} = {33FD97A3-DFA7-4547-A991-ACC9FB922E16}
		{BF19A413-EEC3-78B5-90A1-704ECACE78CC} = {33FD97A3-DFA7-4547-A991-ACC9FB922E16}
		{6B1CD3D9-6F9B-76DE-DA30-D6EF7E297F75} = {33FD97A3-DFA7-4547-A991-ACC9FB922E16}
		{D4C1AAFC-668E-407D-AA6D-AA590B7DDB3E} = {DE0AFE2A-B0B8-4C72-8BC1-0E31B744B43C}
		{8518E414-104C-EAEF-A141-98DB483A0C12} = {D4C1AAFC-668E-407D-AA6D-AA590B7DDB3E}
		{FBA886B1-57E9-445E-9E19-A37D657A8910} = {DE0AFE2A-B0B8-4C72-8BC1-0E31B744B43C}
		{074D9047-CC45-4F1B-A2F1-DE578F53F8AB} = {DE0AFE2A-B0B8-4C72-8BC1-0E31B744B43C}
		{42B89702-6116-451D-B426-187ED961AFB6} = {FBA886B1-57E9-445E-9E19-A37D657A8910}
		{2B4407A4-45D0-46B7-BC08-C1FE6EEB8C34} = {FBA886B1-57E9-445E-9E19-A37D657A8910}
		{50DF3A24-7DB6-4B21-AA6D-3F2BF5D1F5EA} = {FBA886B1-57E9-445E-9E19-A37D657A8910}
		{1CD8DD6D-59EC-432F-BB60-B91E5BAC0067} = {FBA886B1-57E9-445E-9E19-A37D657A8910}
		{C25ECE1D-0D72-4F69-BCF4-D5A4A32E4293} = {FBA886B1-57E9-445E-9E19-A37D657A8910}
		{8A43EB7D-2C00-20E7-6D6E-08D1B909170D} = {33FD97A3-DFA7-4547-A991-ACC9FB922E16}
	EndGlobalSection
	GlobalSection(ExtensibilityGlobals) = postSolution
		SolutionGuid = {E69F2BAE-EBBC-4794-9D67-E0944CAE8D1F}
	EndGlobalSection
EndGlobal
